
Microsoft Visual Studio Solution File, Format Version 12.00
# Visual Studio Version 16
VisualStudioVersion = 16.0.28803.202
MinimumVisualStudioVersion = 10.0.40219.1
Project("{2150E333-8FDC-42A3-9474-1A3956D46DE8}") = "5. Transversal", "5. Transversal", "{C24F8D40-4B87-4799-BF1A-18BC715D8A32}"
EndProject
Project("{2150E333-8FDC-42A3-9474-1A3956D46DE8}") = "1. Service", "1. Service", "{0321BAFD-0794-4B89-9F48-CDE7EE7C45E7}"
EndProject
Project("{2150E333-8FDC-42A3-9474-1A3956D46DE8}") = "3. BusinessLogic", "3. BusinessLogic", "{88D49EF3-953B-43D6-8D9D-A20D9054B736}"
EndProject
Project("{2150E333-8FDC-42A3-9474-1A3956D46DE8}") = "4. Persistence", "4. Persistence", "{84F88A83-3871-4BF6-8E3D-3CC7A6AF7CD1}"
EndProject
Project("{9A19103F-16F7-4668-BE54-9A1E7A4F7556}") = "Auto.Pay.Service.Api", "Auto.Pay.Service.Api\Auto.Pay.Service.Api.csproj", "{FD75B7CC-1143-4949-B691-5E8013D0B4A1}"
EndProject
Project("{9A19103F-16F7-4668-BE54-9A1E7A4F7556}") = "Auto.Pay.Transversal.Common", "Auto.Pay.Transversal.Common\Auto.Pay.Transversal.Common.csproj", "{568C582F-4541-4BCF-80BB-08F03BE1ADB1}"
EndProject
Project("{9A19103F-16F7-4668-BE54-9A1E7A4F7556}") = "Auto.Pay.Transversal.Logging", "Auto.Pay.Transversal.Logging\Auto.Pay.Transversal.Logging.csproj", "{2030D83C-8143-458A-8DF9-1411D8BAC210}"
EndProject
Project("{9A19103F-16F7-4668-BE54-9A1E7A4F7556}") = "Auto.Pay.Transversal.Mapper", "Auto.Pay.Transversal.Mapper\Auto.Pay.Transversal.Mapper.csproj", "{230F7E09-66EB-4DD4-9205-E5EFAED3BB6B}"
EndProject
Project("{2150E333-8FDC-42A3-9474-1A3956D46DE8}") = "2. Application", "2. Application", "{1B805177-135D-4F50-BBA2-29425D91CBDC}"
EndProject
Project("{FAE04EC0-301F-11D3-BF4B-00C04F79EFBC}") = "Auto.Pay.Persistence.Data", "Auto.Pay.Persistence.Data2\Auto.Pay.Persistence.Data.csproj", "{A335D9EC-1AC1-45B6-A7E6-A206600FFFEE}"
EndProject
Project("{FAE04EC0-301F-11D3-BF4B-00C04F79EFBC}") = "Auto.Pay.Persistence.Entities", "Auto.Pay.Persistence.Entities2\Auto.Pay.Persistence.Entities.csproj", "{1A9D9FAD-9E2A-488F-A205-8B677A1AECD1}"
EndProject
Project("{FAE04EC0-301F-11D3-BF4B-00C04F79EFBC}") = "Auto.Pay.Persistence.Interfaces", "Auto.Pay.Persistence.Interfaces2\Auto.Pay.Persistence.Interfaces.csproj", "{10F62368-14FE-465F-9C27-9E761319B670}"
EndProject
Project("{FAE04EC0-301F-11D3-BF4B-00C04F79EFBC}") = "Auto.Pay.Persistence.Repository", "Auto.Pay.Persistence.Repository2\Auto.Pay.Persistence.Repository.csproj", "{76C64FF8-F1A4-4A32-9ECF-EDDC1E25B1B3}"
EndProject
Project("{FAE04EC0-301F-11D3-BF4B-00C04F79EFBC}") = "Auto.Pay.BusinessLogic.Core", "Auto.Pay.BusinessLogic.Core2\Auto.Pay.BusinessLogic.Core.csproj", "{A7ED61B2-0B25-4BBA-85A4-C6C1EC43FFD6}"
EndProject
Project("{FAE04EC0-301F-11D3-BF4B-00C04F79EFBC}") = "Auto.Pay.BusinessLogic.Entities", "Auto.Pay.BusinessLogic.Entities2\Auto.Pay.BusinessLogic.Entities.csproj", "{65E7426E-BC51-405E-B732-4FD80455A8FC}"
EndProject
Project("{FAE04EC0-301F-11D3-BF4B-00C04F79EFBC}") = "Auto.Pay.BusinessLogic.Interfaces", "Auto.Pay.BusinessLogic.Interfaces2\Auto.Pay.BusinessLogic.Interfaces.csproj", "{DA4F4DE7-F115-45B7-A078-9E824E676CFC}"
EndProject
Project("{FAE04EC0-301F-11D3-BF4B-00C04F79EFBC}") = "Auto.Pay.Application.Dtos", "Auto.Pay.Application.Dtos2\Auto.Pay.Application.Dtos.csproj", "{BF0413FD-C81B-4122-8A16-D35C91B1493A}"
EndProject
Project("{FAE04EC0-301F-11D3-BF4B-00C04F79EFBC}") = "Auto.Pay.Application.Interfaces", "Auto.Pay.Application.Interfaces2\Auto.Pay.Application.Interfaces.csproj", "{D8189319-8730-4273-96D8-D1EF3ED4FF45}"
EndProject
Project("{FAE04EC0-301F-11D3-BF4B-00C04F79EFBC}") = "Auto.Pay.Application.Main", "Auto.Pay.Application.Main2\Auto.Pay.Application.Main.csproj", "{10899C6E-B12A-4DD6-9894-2296146765A5}"
EndProject
Global
	GlobalSection(SolutionConfigurationPlatforms) = preSolution
		Debug|Any CPU = Debug|Any CPU
		Release|Any CPU = Release|Any CPU
	EndGlobalSection
	GlobalSection(ProjectConfigurationPlatforms) = postSolution
		{FD75B7CC-1143-4949-B691-5E8013D0B4A1}.Debug|Any CPU.ActiveCfg = Debug|Any CPU
		{FD75B7CC-1143-4949-B691-5E8013D0B4A1}.Debug|Any CPU.Build.0 = Debug|Any CPU
		{FD75B7CC-1143-4949-B691-5E8013D0B4A1}.Release|Any CPU.ActiveCfg = Release|Any CPU
		{FD75B7CC-1143-4949-B691-5E8013D0B4A1}.Release|Any CPU.Build.0 = Release|Any CPU
		{568C582F-4541-4BCF-80BB-08F03BE1ADB1}.Debug|Any CPU.ActiveCfg = Debug|Any CPU
		{568C582F-4541-4BCF-80BB-08F03BE1ADB1}.Debug|Any CPU.Build.0 = Debug|Any CPU
		{568C582F-4541-4BCF-80BB-08F03BE1ADB1}.Release|Any CPU.ActiveCfg = Release|Any CPU
		{568C582F-4541-4BCF-80BB-08F03BE1ADB1}.Release|Any CPU.Build.0 = Release|Any CPU
		{2030D83C-8143-458A-8DF9-1411D8BAC210}.Debug|Any CPU.ActiveCfg = Debug|Any CPU
		{2030D83C-8143-458A-8DF9-1411D8BAC210}.Debug|Any CPU.Build.0 = Debug|Any CPU
		{2030D83C-8143-458A-8DF9-1411D8BAC210}.Release|Any CPU.ActiveCfg = Release|Any CPU
		{2030D83C-8143-458A-8DF9-1411D8BAC210}.Release|Any CPU.Build.0 = Release|Any CPU
		{230F7E09-66EB-4DD4-9205-E5EFAED3BB6B}.Debug|Any CPU.ActiveCfg = Debug|Any CPU
		{230F7E09-66EB-4DD4-9205-E5EFAED3BB6B}.Debug|Any CPU.Build.0 = Debug|Any CPU
		{230F7E09-66EB-4DD4-9205-E5EFAED3BB6B}.Release|Any CPU.ActiveCfg = Release|Any CPU
		{230F7E09-66EB-4DD4-9205-E5EFAED3BB6B}.Release|Any CPU.Build.0 = Release|Any CPU
		{A335D9EC-1AC1-45B6-A7E6-A206600FFFEE}.Debug|Any CPU.ActiveCfg = Debug|Any CPU
		{A335D9EC-1AC1-45B6-A7E6-A206600FFFEE}.Debug|Any CPU.Build.0 = Debug|Any CPU
		{A335D9EC-1AC1-45B6-A7E6-A206600FFFEE}.Release|Any CPU.ActiveCfg = Release|Any CPU
		{A335D9EC-1AC1-45B6-A7E6-A206600FFFEE}.Release|Any CPU.Build.0 = Release|Any CPU
		{1A9D9FAD-9E2A-488F-A205-8B677A1AECD1}.Debug|Any CPU.ActiveCfg = Debug|Any CPU
		{1A9D9FAD-9E2A-488F-A205-8B677A1AECD1}.Debug|Any CPU.Build.0 = Debug|Any CPU
		{1A9D9FAD-9E2A-488F-A205-8B677A1AECD1}.Release|Any CPU.ActiveCfg = Release|Any CPU
		{1A9D9FAD-9E2A-488F-A205-8B677A1AECD1}.Release|Any CPU.Build.0 = Release|Any CPU
		{10F62368-14FE-465F-9C27-9E761319B670}.Debug|Any CPU.ActiveCfg = Debug|Any CPU
		{10F62368-14FE-465F-9C27-9E761319B670}.Debug|Any CPU.Build.0 = Debug|Any CPU
		{10F62368-14FE-465F-9C27-9E761319B670}.Release|Any CPU.ActiveCfg = Release|Any CPU
		{10F62368-14FE-465F-9C27-9E761319B670}.Release|Any CPU.Build.0 = Release|Any CPU
		{76C64FF8-F1A4-4A32-9ECF-EDDC1E25B1B3}.Debug|Any CPU.ActiveCfg = Debug|Any CPU
		{76C64FF8-F1A4-4A32-9ECF-EDDC1E25B1B3}.Debug|Any CPU.Build.0 = Debug|Any CPU
		{76C64FF8-F1A4-4A32-9ECF-EDDC1E25B1B3}.Release|Any CPU.ActiveCfg = Release|Any CPU
		{76C64FF8-F1A4-4A32-9ECF-EDDC1E25B1B3}.Release|Any CPU.Build.0 = Release|Any CPU
		{A7ED61B2-0B25-4BBA-85A4-C6C1EC43FFD6}.Debug|Any CPU.ActiveCfg = Debug|Any CPU
		{A7ED61B2-0B25-4BBA-85A4-C6C1EC43FFD6}.Debug|Any CPU.Build.0 = Debug|Any CPU
		{A7ED61B2-0B25-4BBA-85A4-C6C1EC43FFD6}.Release|Any CPU.ActiveCfg = Release|Any CPU
		{A7ED61B2-0B25-4BBA-85A4-C6C1EC43FFD6}.Release|Any CPU.Build.0 = Release|Any CPU
		{65E7426E-BC51-405E-B732-4FD80455A8FC}.Debug|Any CPU.ActiveCfg = Debug|Any CPU
		{65E7426E-BC51-405E-B732-4FD80455A8FC}.Debug|Any CPU.Build.0 = Debug|Any CPU
		{65E7426E-BC51-405E-B732-4FD80455A8FC}.Release|Any CPU.ActiveCfg = Release|Any CPU
		{65E7426E-BC51-405E-B732-4FD80455A8FC}.Release|Any CPU.Build.0 = Release|Any CPU
		{DA4F4DE7-F115-45B7-A078-9E824E676CFC}.Debug|Any CPU.ActiveCfg = Debug|Any CPU
		{DA4F4DE7-F115-45B7-A078-9E824E676CFC}.Debug|Any CPU.Build.0 = Debug|Any CPU
		{DA4F4DE7-F115-45B7-A078-9E824E676CFC}.Release|Any CPU.ActiveCfg = Release|Any CPU
		{DA4F4DE7-F115-45B7-A078-9E824E676CFC}.Release|Any CPU.Build.0 = Release|Any CPU
		{BF0413FD-C81B-4122-8A16-D35C91B1493A}.Debug|Any CPU.ActiveCfg = Debug|Any CPU
		{BF0413FD-C81B-4122-8A16-D35C91B1493A}.Debug|Any CPU.Build.0 = Debug|Any CPU
		{BF0413FD-C81B-4122-8A16-D35C91B1493A}.Release|Any CPU.ActiveCfg = Release|Any CPU
		{BF0413FD-C81B-4122-8A16-D35C91B1493A}.Release|Any CPU.Build.0 = Release|Any CPU
		{D8189319-8730-4273-96D8-D1EF3ED4FF45}.Debug|Any CPU.ActiveCfg = Debug|Any CPU
		{D8189319-8730-4273-96D8-D1EF3ED4FF45}.Debug|Any CPU.Build.0 = Debug|Any CPU
		{D8189319-8730-4273-96D8-D1EF3ED4FF45}.Release|Any CPU.ActiveCfg = Release|Any CPU
		{D8189319-8730-4273-96D8-D1EF3ED4FF45}.Release|Any CPU.Build.0 = Release|Any CPU
		{10899C6E-B12A-4DD6-9894-2296146765A5}.Debug|Any CPU.ActiveCfg = Debug|Any CPU
		{10899C6E-B12A-4DD6-9894-2296146765A5}.Debug|Any CPU.Build.0 = Debug|Any CPU
		{10899C6E-B12A-4DD6-9894-2296146765A5}.Release|Any CPU.ActiveCfg = Release|Any CPU
		{10899C6E-B12A-4DD6-9894-2296146765A5}.Release|Any CPU.Build.0 = Release|Any CPU
	EndGlobalSection
	GlobalSection(SolutionProperties) = preSolution
		HideSolutionNode = FALSE
	EndGlobalSection
	GlobalSection(NestedProjects) = preSolution
		{FD75B7CC-1143-4949-B691-5E8013D0B4A1} = {0321BAFD-0794-4B89-9F48-CDE7EE7C45E7}
		{568C582F-4541-4BCF-80BB-08F03BE1ADB1} = {C24F8D40-4B87-4799-BF1A-18BC715D8A32}
		{2030D83C-8143-458A-8DF9-1411D8BAC210} = {C24F8D40-4B87-4799-BF1A-18BC715D8A32}
		{230F7E09-66EB-4DD4-9205-E5EFAED3BB6B} = {C24F8D40-4B87-4799-BF1A-18BC715D8A32}
		{A335D9EC-1AC1-45B6-A7E6-A206600FFFEE} = {84F88A83-3871-4BF6-8E3D-3CC7A6AF7CD1}
		{1A9D9FAD-9E2A-488F-A205-8B677A1AECD1} = {84F88A83-3871-4BF6-8E3D-3CC7A6AF7CD1}
		{10F62368-14FE-465F-9C27-9E761319B670} = {84F88A83-3871-4BF6-8E3D-3CC7A6AF7CD1}
		{76C64FF8-F1A4-4A32-9ECF-EDDC1E25B1B3} = {84F88A83-3871-4BF6-8E3D-3CC7A6AF7CD1}
		{A7ED61B2-0B25-4BBA-85A4-C6C1EC43FFD6} = {88D49EF3-953B-43D6-8D9D-A20D9054B736}
		{65E7426E-BC51-405E-B732-4FD80455A8FC} = {88D49EF3-953B-43D6-8D9D-A20D9054B736}
		{DA4F4DE7-F115-45B7-A078-9E824E676CFC} = {88D49EF3-953B-43D6-8D9D-A20D9054B736}
		{BF0413FD-C81B-4122-8A16-D35C91B1493A} = {1B805177-135D-4F50-BBA2-29425D91CBDC}
		{D8189319-8730-4273-96D8-D1EF3ED4FF45} = {1B805177-135D-4F50-BBA2-29425D91CBDC}
		{10899C6E-B12A-4DD6-9894-2296146765A5} = {1B805177-135D-4F50-BBA2-29425D91CBDC}
	EndGlobalSection
	GlobalSection(ExtensibilityGlobals) = postSolution
		SolutionGuid = {1B716521-67F5-41DE-B72E-9FE5B1B92828}
	EndGlobalSection
EndGlobal
